// !$*UTF8*$!
{
	archiveVersion = 1;
	classes = {
	};
	objectVersion = 50;
	objects = {

/* Begin PBXBuildFile section */
		040BA32520FDD3E40075B9EB /* FTBDNewsViewController.m in Sources */ = {isa = PBXBuildFile; fileRef = 040BA32420FDD3E40075B9EB /* FTBDNewsViewController.m */; };
		040BA32820FDDC200075B9EB /* FTBDNewsDetailsController.m in Sources */ = {isa = PBXBuildFile; fileRef = 040BA32720FDDC200075B9EB /* FTBDNewsDetailsController.m */; };
		044D8EDA20FD8D7C005FDE2F /* AppDelegate.m in Sources */ = {isa = PBXBuildFile; fileRef = 044D8ED920FD8D7C005FDE2F /* AppDelegate.m */; };
		044D8EE220FD8D7D005FDE2F /* Assets.xcassets in Resources */ = {isa = PBXBuildFile; fileRef = 044D8EE120FD8D7D005FDE2F /* Assets.xcassets */; };
		044D8EE520FD8D7D005FDE2F /* LaunchScreen.storyboard in Resources */ = {isa = PBXBuildFile; fileRef = 044D8EE320FD8D7D005FDE2F /* LaunchScreen.storyboard */; };
		044D8EE820FD8D7D005FDE2F /* main.m in Sources */ = {isa = PBXBuildFile; fileRef = 044D8EE720FD8D7D005FDE2F /* main.m */; };
		044D8EF420FD8E53005FDE2F /* FTBDNewsData.m in Sources */ = {isa = PBXBuildFile; fileRef = 044D8EF020FD8E53005FDE2F /* FTBDNewsData.m */; };
		044D8EF520FD8E53005FDE2F /* FTBDNewsFetcher.m in Sources */ = {isa = PBXBuildFile; fileRef = 044D8EF120FD8E53005FDE2F /* FTBDNewsFetcher.m */; };
		04CA4B8220FE0FA200BA9288 /* FTBDNewsDataManager.m in Sources */ = {isa = PBXBuildFile; fileRef = 04CA4B8120FE0FA200BA9288 /* FTBDNewsDataManager.m */; };
		04CA4B8520FE16FA00BA9288 /* FTBDNewsTableViewCell.m in Sources */ = {isa = PBXBuildFile; fileRef = 04CA4B8420FE16FA00BA9288 /* FTBDNewsTableViewCell.m */; };
		04CA4B932100835E00BA9288 /* FTCalendarHelper.m in Sources */ = {isa = PBXBuildFile; fileRef = 04CA4B872100835E00BA9288 /* FTCalendarHelper.m */; };
		04CA4B942100835E00BA9288 /* FTCalendarWeekTitleCell.m in Sources */ = {isa = PBXBuildFile; fileRef = 04CA4B882100835E00BA9288 /* FTCalendarWeekTitleCell.m */; };
		04CA4B952100835E00BA9288 /* FTCalendarView.m in Sources */ = {isa = PBXBuildFile; fileRef = 04CA4B8C2100835E00BA9288 /* FTCalendarView.m */; };
		04CA4B962100835E00BA9288 /* FTCalendarButton.m in Sources */ = {isa = PBXBuildFile; fileRef = 04CA4B8E2100835E00BA9288 /* FTCalendarButton.m */; };
		04CA4B972100835E00BA9288 /* FTCalendarOneDayCell.m in Sources */ = {isa = PBXBuildFile; fileRef = 04CA4B8F2100835E00BA9288 /* FTCalendarOneDayCell.m */; };
		04CA4B982100835E00BA9288 /* FTCalendarHeaderCell.m in Sources */ = {isa = PBXBuildFile; fileRef = 04CA4B912100835E00BA9288 /* FTCalendarHeaderCell.m */; };
		04CA4B9F2105B88000BA9288 /* FTBDNewsArchiver.m in Sources */ = {isa = PBXBuildFile; fileRef = 04CA4B9E2105B88000BA9288 /* FTBDNewsArchiver.m */; };
/* End PBXBuildFile section */

/* Begin PBXFileReference section */
		040BA32320FDD3E40075B9EB /* FTBDNewsViewController.h */ = {isa = PBXFileReference; lastKnownFileType = sourcecode.c.h; path = FTBDNewsViewController.h; sourceTree = "<group>"; };
		040BA32420FDD3E40075B9EB /* FTBDNewsViewController.m */ = {isa = PBXFileReference; lastKnownFileType = sourcecode.c.objc; path = FTBDNewsViewController.m; sourceTree = "<group>"; };
		040BA32620FDDC200075B9EB /* FTBDNewsDetailsController.h */ = {isa = PBXFileReference; lastKnownFileType = sourcecode.c.h; path = FTBDNewsDetailsController.h; sourceTree = "<group>"; };
		040BA32720FDDC200075B9EB /* FTBDNewsDetailsController.m */ = {isa = PBXFileReference; lastKnownFileType = sourcecode.c.objc; path = FTBDNewsDetailsController.m; sourceTree = "<group>"; };
		044D8ED520FD8D7C005FDE2F /* BaiduIn100Companies.app */ = {isa = PBXFileReference; explicitFileType = wrapper.application; includeInIndex = 0; path = BaiduIn100Companies.app; sourceTree = BUILT_PRODUCTS_DIR; };
		044D8ED820FD8D7C005FDE2F /* AppDelegate.h */ = {isa = PBXFileReference; lastKnownFileType = sourcecode.c.h; path = AppDelegate.h; sourceTree = "<group>"; };
		044D8ED920FD8D7C005FDE2F /* AppDelegate.m */ = {isa = PBXFileReference; lastKnownFileType = sourcecode.c.objc; path = AppDelegate.m; sourceTree = "<group>"; };
		044D8EE120FD8D7D005FDE2F /* Assets.xcassets */ = {isa = PBXFileReference; lastKnownFileType = folder.assetcatalog; path = Assets.xcassets; sourceTree = "<group>"; };
		044D8EE420FD8D7D005FDE2F /* Base */ = {isa = PBXFileReference; lastKnownFileType = file.storyboard; name = Base; path = Base.lproj/LaunchScreen.storyboard; sourceTree = "<group>"; };
		044D8EE620FD8D7D005FDE2F /* Info.plist */ = {isa = PBXFileReference; lastKnownFileType = text.plist.xml; path = Info.plist; sourceTree = "<group>"; };
		044D8EE720FD8D7D005FDE2F /* main.m */ = {isa = PBXFileReference; lastKnownFileType = sourcecode.c.objc; path = main.m; sourceTree = "<group>"; };
		044D8EF020FD8E53005FDE2F /* FTBDNewsData.m */ = {isa = PBXFileReference; fileEncoding = 4; lastKnownFileType = sourcecode.c.objc; path = FTBDNewsData.m; sourceTree = "<group>"; };
		044D8EF120FD8E53005FDE2F /* FTBDNewsFetcher.m */ = {isa = PBXFileReference; fileEncoding = 4; lastKnownFileType = sourcecode.c.objc; path = FTBDNewsFetcher.m; sourceTree = "<group>"; };
		044D8EF220FD8E53005FDE2F /* FTBDNewsData.h */ = {isa = PBXFileReference; fileEncoding = 4; lastKnownFileType = sourcecode.c.h; path = FTBDNewsData.h; sourceTree = "<group>"; };
		044D8EF320FD8E53005FDE2F /* FTBDNewsFetcher.h */ = {isa = PBXFileReference; fileEncoding = 4; lastKnownFileType = sourcecode.c.h; path = FTBDNewsFetcher.h; sourceTree = "<group>"; };
		04CA4B8020FE0FA200BA9288 /* FTBDNewsDataManager.h */ = {isa = PBXFileReference; lastKnownFileType = sourcecode.c.h; path = FTBDNewsDataManager.h; sourceTree = "<group>"; };
		04CA4B8120FE0FA200BA9288 /* FTBDNewsDataManager.m */ = {isa = PBXFileReference; lastKnownFileType = sourcecode.c.objc; path = FTBDNewsDataManager.m; sourceTree = "<group>"; };
		04CA4B8320FE16FA00BA9288 /* FTBDNewsTableViewCell.h */ = {isa = PBXFileReference; lastKnownFileType = sourcecode.c.h; path = FTBDNewsTableViewCell.h; sourceTree = "<group>"; };
		04CA4B8420FE16FA00BA9288 /* FTBDNewsTableViewCell.m */ = {isa = PBXFileReference; lastKnownFileType = sourcecode.c.objc; path = FTBDNewsTableViewCell.m; sourceTree = "<group>"; };
		04CA4B872100835E00BA9288 /* FTCalendarHelper.m */ = {isa = PBXFileReference; fileEncoding = 4; lastKnownFileType = sourcecode.c.objc; path = FTCalendarHelper.m; sourceTree = "<group>"; };
		04CA4B882100835E00BA9288 /* FTCalendarWeekTitleCell.m */ = {isa = PBXFileReference; fileEncoding = 4; lastKnownFileType = sourcecode.c.objc; path = FTCalendarWeekTitleCell.m; sourceTree = "<group>"; };
		04CA4B892100835E00BA9288 /* FTCalendarOneDayCell.h */ = {isa = PBXFileReference; fileEncoding = 4; lastKnownFileType = sourcecode.c.h; path = FTCalendarOneDayCell.h; sourceTree = "<group>"; };
		04CA4B8A2100835E00BA9288 /* FTCalendarButton.h */ = {isa = PBXFileReference; fileEncoding = 4; lastKnownFileType = sourcecode.c.h; path = FTCalendarButton.h; sourceTree = "<group>"; };
		04CA4B8B2100835E00BA9288 /* FTCalendarHeaderCell.h */ = {isa = PBXFileReference; fileEncoding = 4; lastKnownFileType = sourcecode.c.h; path = FTCalendarHeaderCell.h; sourceTree = "<group>"; };
		04CA4B8C2100835E00BA9288 /* FTCalendarView.m */ = {isa = PBXFileReference; fileEncoding = 4; lastKnownFileType = sourcecode.c.objc; path = FTCalendarView.m; sourceTree = "<group>"; };
		04CA4B8D2100835E00BA9288 /* FTCalendarHelper.h */ = {isa = PBXFileReference; fileEncoding = 4; lastKnownFileType = sourcecode.c.h; path = FTCalendarHelper.h; sourceTree = "<group>"; };
		04CA4B8E2100835E00BA9288 /* FTCalendarButton.m */ = {isa = PBXFileReference; fileEncoding = 4; lastKnownFileType = sourcecode.c.objc; path = FTCalendarButton.m; sourceTree = "<group>"; };
		04CA4B8F2100835E00BA9288 /* FTCalendarOneDayCell.m */ = {isa = PBXFileReference; fileEncoding = 4; lastKnownFileType = sourcecode.c.objc; path = FTCalendarOneDayCell.m; sourceTree = "<group>"; };
		04CA4B902100835E00BA9288 /* FTCalendarWeekTitleCell.h */ = {isa = PBXFileReference; fileEncoding = 4; lastKnownFileType = sourcecode.c.h; path = FTCalendarWeekTitleCell.h; sourceTree = "<group>"; };
		04CA4B912100835E00BA9288 /* FTCalendarHeaderCell.m */ = {isa = PBXFileReference; fileEncoding = 4; lastKnownFileType = sourcecode.c.objc; path = FTCalendarHeaderCell.m; sourceTree = "<group>"; };
		04CA4B922100835E00BA9288 /* FTCalendarView.h */ = {isa = PBXFileReference; fileEncoding = 4; lastKnownFileType = sourcecode.c.h; path = FTCalendarView.h; sourceTree = "<group>"; };
		04CA4B9A21017B1200BA9288 /* FTBDResource.h */ = {isa = PBXFileReference; lastKnownFileType = sourcecode.c.h; path = FTBDResource.h; sourceTree = "<group>"; };
		04CA4B9D2105B88000BA9288 /* FTBDNewsArchiver.h */ = {isa = PBXFileReference; lastKnownFileType = sourcecode.c.h; path = FTBDNewsArchiver.h; sourceTree = "<group>"; };
		04CA4B9E2105B88000BA9288 /* FTBDNewsArchiver.m */ = {isa = PBXFileReference; lastKnownFileType = sourcecode.c.objc; path = FTBDNewsArchiver.m; sourceTree = "<group>"; };
/* End PBXFileReference section */

/* Begin PBXFrameworksBuildPhase section */
		044D8ED220FD8D7C005FDE2F /* Frameworks */ = {
			isa = PBXFrameworksBuildPhase;
			buildActionMask = 2147483647;
			files = (
			);
			runOnlyForDeploymentPostprocessing = 0;
		};
/* End PBXFrameworksBuildPhase section */

/* Begin PBXGroup section */
		040BA32120FDD3960075B9EB /* FTBDNews */ = {
			isa = PBXGroup;
			children = (
				04CA4B9921017AFC00BA9288 /* Resources */,
				04CA4B862100835E00BA9288 /* FTCalendar */,
				040BA32220FDD3BE0075B9EB /* FTBDNewsViews */,
				044D8EEF20FD8E53005FDE2F /* FTBDNewsData */,
			);
			path = FTBDNews;
			sourceTree = "<group>";
		};
		040BA32220FDD3BE0075B9EB /* FTBDNewsViews */ = {
			isa = PBXGroup;
			children = (
				040BA32320FDD3E40075B9EB /* FTBDNewsViewController.h */,
				040BA32420FDD3E40075B9EB /* FTBDNewsViewController.m */,
				040BA32620FDDC200075B9EB /* FTBDNewsDetailsController.h */,
				040BA32720FDDC200075B9EB /* FTBDNewsDetailsController.m */,
				04CA4B8320FE16FA00BA9288 /* FTBDNewsTableViewCell.h */,
				04CA4B8420FE16FA00BA9288 /* FTBDNewsTableViewCell.m */,
			);
			path = FTBDNewsViews;
			sourceTree = "<group>";
		};
		044D8ECC20FD8D7B005FDE2F = {
			isa = PBXGroup;
			children = (
				044D8ED720FD8D7C005FDE2F /* BaiduIn100Companies */,
				044D8ED620FD8D7C005FDE2F /* Products */,
			);
			sourceTree = "<group>";
		};
		044D8ED620FD8D7C005FDE2F /* Products */ = {
			isa = PBXGroup;
			children = (
				044D8ED520FD8D7C005FDE2F /* BaiduIn100Companies.app */,
			);
			name = Products;
			sourceTree = "<group>";
		};
		044D8ED720FD8D7C005FDE2F /* BaiduIn100Companies */ = {
			isa = PBXGroup;
			children = (
				040BA32120FDD3960075B9EB /* FTBDNews */,
				044D8ED820FD8D7C005FDE2F /* AppDelegate.h */,
				044D8ED920FD8D7C005FDE2F /* AppDelegate.m */,
				044D8EE120FD8D7D005FDE2F /* Assets.xcassets */,
				044D8EE320FD8D7D005FDE2F /* LaunchScreen.storyboard */,
				044D8EE620FD8D7D005FDE2F /* Info.plist */,
				044D8EE720FD8D7D005FDE2F /* main.m */,
			);
			path = BaiduIn100Companies;
			sourceTree = "<group>";
		};
		044D8EEF20FD8E53005FDE2F /* FTBDNewsData */ = {
			isa = PBXGroup;
			children = (
				044D8EF220FD8E53005FDE2F /* FTBDNewsData.h */,
				044D8EF020FD8E53005FDE2F /* FTBDNewsData.m */,
				044D8EF320FD8E53005FDE2F /* FTBDNewsFetcher.h */,
				044D8EF120FD8E53005FDE2F /* FTBDNewsFetcher.m */,
				04CA4B8020FE0FA200BA9288 /* FTBDNewsDataManager.h */,
				04CA4B8120FE0FA200BA9288 /* FTBDNewsDataManager.m */,
				04CA4B9D2105B88000BA9288 /* FTBDNewsArchiver.h */,
				04CA4B9E2105B88000BA9288 /* FTBDNewsArchiver.m */,
			);
			path = FTBDNewsData;
			sourceTree = "<group>";
		};
		04CA4B862100835E00BA9288 /* FTCalendar */ = {
			isa = PBXGroup;
			children = (
				04CA4B922100835E00BA9288 /* FTCalendarView.h */,
				04CA4B8C2100835E00BA9288 /* FTCalendarView.m */,
				04CA4B8D2100835E00BA9288 /* FTCalendarHelper.h */,
				04CA4B872100835E00BA9288 /* FTCalendarHelper.m */,
				04CA4B892100835E00BA9288 /* FTCalendarOneDayCell.h */,
				04CA4B8F2100835E00BA9288 /* FTCalendarOneDayCell.m */,
				04CA4B902100835E00BA9288 /* FTCalendarWeekTitleCell.h */,
				04CA4B882100835E00BA9288 /* FTCalendarWeekTitleCell.m */,
				04CA4B8B2100835E00BA9288 /* FTCalendarHeaderCell.h */,
				04CA4B912100835E00BA9288 /* FTCalendarHeaderCell.m */,
				04CA4B8A2100835E00BA9288 /* FTCalendarButton.h */,
				04CA4B8E2100835E00BA9288 /* FTCalendarButton.m */,
			);
			path = FTCalendar;
			sourceTree = "<group>";
		};
		04CA4B9921017AFC00BA9288 /* Resources */ = {
			isa = PBXGroup;
			children = (
				04CA4B9A21017B1200BA9288 /* FTBDResource.h */,
			);
			path = Resources;
			sourceTree = "<group>";
		};
/* End PBXGroup section */

/* Begin PBXNativeTarget section */
		044D8ED420FD8D7C005FDE2F /* BaiduIn100Companies */ = {
			isa = PBXNativeTarget;
			buildConfigurationList = 044D8EEB20FD8D7D005FDE2F /* Build configuration list for PBXNativeTarget "BaiduIn100Companies" */;
			buildPhases = (
				044D8ED120FD8D7C005FDE2F /* Sources */,
				044D8ED220FD8D7C005FDE2F /* Frameworks */,
				044D8ED320FD8D7C005FDE2F /* Resources */,
			);
			buildRules = (
			);
			dependencies = (
			);
			name = BaiduIn100Companies;
			productName = BaiduIn100Companies;
			productReference = 044D8ED520FD8D7C005FDE2F /* BaiduIn100Companies.app */;
			productType = "com.apple.product-type.application";
		};
/* End PBXNativeTarget section */

/* Begin PBXProject section */
		044D8ECD20FD8D7B005FDE2F /* Project object */ = {
			isa = PBXProject;
			attributes = {
				LastUpgradeCheck = 0940;
				ORGANIZATIONNAME = wilsonhan;
				TargetAttributes = {
					044D8ED420FD8D7C005FDE2F = {
						CreatedOnToolsVersion = 9.4.1;
					};
				};
			};
			buildConfigurationList = 044D8ED020FD8D7B005FDE2F /* Build configuration list for PBXProject "BaiduIn100Companies" */;
			compatibilityVersion = "Xcode 9.3";
			developmentRegion = en;
			hasScannedForEncodings = 0;
			knownRegions = (
				en,
				Base,
			);
			mainGroup = 044D8ECC20FD8D7B005FDE2F;
			productRefGroup = 044D8ED620FD8D7C005FDE2F /* Products */;
			projectDirPath = "";
			projectRoot = "";
			targets = (
				044D8ED420FD8D7C005FDE2F /* BaiduIn100Companies */,
			);
		};
/* End PBXProject section */

/* Begin PBXResourcesBuildPhase section */
		044D8ED320FD8D7C005FDE2F /* Resources */ = {
			isa = PBXResourcesBuildPhase;
			buildActionMask = 2147483647;
			files = (
				044D8EE520FD8D7D005FDE2F /* LaunchScreen.storyboard in Resources */,
				044D8EE220FD8D7D005FDE2F /* Assets.xcassets in Resources */,
			);
			runOnlyForDeploymentPostprocessing = 0;
		};
/* End PBXResourcesBuildPhase section */

/* Begin PBXSourcesBuildPhase section */
		044D8ED120FD8D7C005FDE2F /* Sources */ = {
			isa = PBXSourcesBuildPhase;
			buildActionMask = 2147483647;
			files = (
				044D8EF520FD8E53005FDE2F /* FTBDNewsFetcher.m in Sources */,
				044D8EF420FD8E53005FDE2F /* FTBDNewsData.m in Sources */,
				04CA4B952100835E00BA9288 /* FTCalendarView.m in Sources */,
				04CA4B972100835E00BA9288 /* FTCalendarOneDayCell.m in Sources */,
				04CA4B942100835E00BA9288 /* FTCalendarWeekTitleCell.m in Sources */,
				04CA4B8220FE0FA200BA9288 /* FTBDNewsDataManager.m in Sources */,
				04CA4B982100835E00BA9288 /* FTCalendarHeaderCell.m in Sources */,
				04CA4B962100835E00BA9288 /* FTCalendarButton.m in Sources */,
				04CA4B8520FE16FA00BA9288 /* FTBDNewsTableViewCell.m in Sources */,
				040BA32520FDD3E40075B9EB /* FTBDNewsViewController.m in Sources */,
				040BA32820FDDC200075B9EB /* FTBDNewsDetailsController.m in Sources */,
				04CA4B932100835E00BA9288 /* FTCalendarHelper.m in Sources */,
				044D8EE820FD8D7D005FDE2F /* main.m in Sources */,
				04CA4B9F2105B88000BA9288 /* FTBDNewsArchiver.m in Sources */,
				044D8EDA20FD8D7C005FDE2F /* AppDelegate.m in Sources */,
			);
			runOnlyForDeploymentPostprocessing = 0;
		};
/* End PBXSourcesBuildPhase section */

/* Begin PBXVariantGroup section */
		044D8EE320FD8D7D005FDE2F /* LaunchScreen.storyboard */ = {
			isa = PBXVariantGroup;
			children = (
				044D8EE420FD8D7D005FDE2F /* Base */,
			);
			name = LaunchScreen.storyboard;
			sourceTree = "<group>";
		};
/* End PBXVariantGroup section */

/* Begin XCBuildConfiguration section */
		044D8EE920FD8D7D005FDE2F /* Debug */ = {
			isa = XCBuildConfiguration;
			buildSettings = {
				ALWAYS_SEARCH_USER_PATHS = NO;
				CLANG_ANALYZER_NONNULL = YES;
				CLANG_ANALYZER_NUMBER_OBJECT_CONVERSION = YES_AGGRESSIVE;
				CLANG_CXX_LANGUAGE_STANDARD = "gnu++14";
				CLANG_CXX_LIBRARY = "libc++";
				CLANG_ENABLE_MODULES = YES;
				CLANG_ENABLE_OBJC_ARC = YES;
				CLANG_ENABLE_OBJC_WEAK = YES;
				CLANG_WARN_BLOCK_CAPTURE_AUTORELEASING = YES;
				CLANG_WARN_BOOL_CONVERSION = YES;
				CLANG_WARN_COMMA = YES;
				CLANG_WARN_CONSTANT_CONVERSION = YES;
				CLANG_WARN_DEPRECATED_OBJC_IMPLEMENTATIONS = YES;
				CLANG_WARN_DIRECT_OBJC_ISA_USAGE = YES_ERROR;
				CLANG_WARN_DOCUMENTATION_COMMENTS = YES;
				CLANG_WARN_EMPTY_BODY = YES;
				CLANG_WARN_ENUM_CONVERSION = YES;
				CLANG_WARN_INFINITE_RECURSION = YES;
				CLANG_WARN_INT_CONVERSION = YES;
				CLANG_WARN_NON_LITERAL_NULL_CONVERSION = YES;
				CLANG_WARN_OBJC_IMPLICIT_RETAIN_SELF = YES;
				CLANG_WARN_OBJC_LITERAL_CONVERSION = YES;
				CLANG_WARN_OBJC_ROOT_CLASS = YES_ERROR;
				CLANG_WARN_RANGE_LOOP_ANALYSIS = YES;
				CLANG_WARN_STRICT_PROTOTYPES = YES;
				CLANG_WARN_SUSPICIOUS_MOVE = YES;
				CLANG_WARN_UNGUARDED_AVAILABILITY = YES_AGGRESSIVE;
				CLANG_WARN_UNREACHABLE_CODE = YES;
				CLANG_WARN__DUPLICATE_METHOD_MATCH = YES;
				CODE_SIGN_IDENTITY = "iPhone Developer";
				COPY_PHASE_STRIP = NO;
				DEBUG_INFORMATION_FORMAT = dwarf;
				ENABLE_STRICT_OBJC_MSGSEND = YES;
				ENABLE_TESTABILITY = YES;
				GCC_C_LANGUAGE_STANDARD = gnu11;
				GCC_DYNAMIC_NO_PIC = NO;
				GCC_NO_COMMON_BLOCKS = YES;
				GCC_OPTIMIZATION_LEVEL = 0;
				GCC_PREPROCESSOR_DEFINITIONS = (
					"DEBUG=1",
					"$(inherited)",
				);
				GCC_WARN_64_TO_32_BIT_CONVERSION = YES;
				GCC_WARN_ABOUT_RETURN_TYPE = YES_ERROR;
				GCC_WARN_UNDECLARED_SELECTOR = YES;
				GCC_WARN_UNINITIALIZED_AUTOS = YES_AGGRESSIVE;
				GCC_WARN_UNUSED_FUNCTION = YES;
				GCC_WARN_UNUSED_VARIABLE = YES;
				IPHONEOS_DEPLOYMENT_TARGET = 11.4;
				MTL_ENABLE_DEBUG_INFO = YES;
				ONLY_ACTIVE_ARCH = YES;
				SDKROOT = iphoneos;
			};
			name = Debug;
		};
		044D8EEA20FD8D7D005FDE2F /* Release */ = {
			isa = XCBuildConfiguration;
			buildSettings = {
				ALWAYS_SEARCH_USER_PATHS = NO;
				CLANG_ANALYZER_NONNULL = YES;
				CLANG_ANALYZER_NUMBER_OBJECT_CONVERSION = YES_AGGRESSIVE;
				CLANG_CXX_LANGUAGE_STANDARD = "gnu++14";
				CLANG_CXX_LIBRARY = "libc++";
				CLANG_ENABLE_MODULES = YES;
				CLANG_ENABLE_OBJC_ARC = YES;
				CLANG_ENABLE_OBJC_WEAK = YES;
				CLANG_WARN_BLOCK_CAPTURE_AUTORELEASING = YES;
				CLANG_WARN_BOOL_CONVERSION = YES;
				CLANG_WARN_COMMA = YES;
				CLANG_WARN_CONSTANT_CONVERSION = YES;
				CLANG_WARN_DEPRECATED_OBJC_IMPLEMENTATIONS = YES;
				CLANG_WARN_DIRECT_OBJC_ISA_USAGE = YES_ERROR;
				CLANG_WARN_DOCUMENTATION_COMMENTS = YES;
				CLANG_WARN_EMPTY_BODY = YES;
				CLANG_WARN_ENUM_CONVERSION = YES;
				CLANG_WARN_INFINITE_RECURSION = YES;
				CLANG_WARN_INT_CONVERSION = YES;
				CLANG_WARN_NON_LITERAL_NULL_CONVERSION = YES;
				CLANG_WARN_OBJC_IMPLICIT_RETAIN_SELF = YES;
				CLANG_WARN_OBJC_LITERAL_CONVERSION = YES;
				CLANG_WARN_OBJC_ROOT_CLASS = YES_ERROR;
				CLANG_WARN_RANGE_LOOP_ANALYSIS = YES;
				CLANG_WARN_STRICT_PROTOTYPES = YES;
				CLANG_WARN_SUSPICIOUS_MOVE = YES;
				CLANG_WARN_UNGUARDED_AVAILABILITY = YES_AGGRESSIVE;
				CLANG_WARN_UNREACHABLE_CODE = YES;
				CLANG_WARN__DUPLICATE_METHOD_MATCH = YES;
				CODE_SIGN_IDENTITY = "iPhone Developer";
				COPY_PHASE_STRIP = NO;
				DEBUG_INFORMATION_FORMAT = "dwarf-with-dsym";
				ENABLE_NS_ASSERTIONS = NO;
				ENABLE_STRICT_OBJC_MSGSEND = YES;
				GCC_C_LANGUAGE_STANDARD = gnu11;
				GCC_NO_COMMON_BLOCKS = YES;
				GCC_WARN_64_TO_32_BIT_CONVERSION = YES;
				GCC_WARN_ABOUT_RETURN_TYPE = YES_ERROR;
				GCC_WARN_UNDECLARED_SELECTOR = YES;
				GCC_WARN_UNINITIALIZED_AUTOS = YES_AGGRESSIVE;
				GCC_WARN_UNUSED_FUNCTION = YES;
				GCC_WARN_UNUSED_VARIABLE = YES;
				IPHONEOS_DEPLOYMENT_TARGET = 11.4;
				MTL_ENABLE_DEBUG_INFO = NO;
				SDKROOT = iphoneos;
				VALIDATE_PRODUCT = YES;
			};
			name = Release;
		};
		044D8EEC20FD8D7D005FDE2F /* Debug */ = {
			isa = XCBuildConfiguration;
			buildSettings = {
				ASSETCATALOG_COMPILER_APPICON_NAME = AppIcon;
				CODE_SIGN_STYLE = Automatic;
				DEVELOPMENT_TEAM = 7796XQQ842;
				INFOPLIST_FILE = BaiduIn100Companies/Info.plist;
				IPHONEOS_DEPLOYMENT_TARGET = 10.1;
				LD_RUNPATH_SEARCH_PATHS = (
					"$(inherited)",
					"@executable_path/Frameworks",
				);
				PRODUCT_BUNDLE_IDENTIFIER = com.futu.iOS.BaiduIn100Companies;
				PRODUCT_NAME = "$(TARGET_NAME)";
				TARGETED_DEVICE_FAMILY = "1,2";
			};
			name = Debug;
		};
		044D8EED20FD8D7D005FDE2F /* Release */ = {
			isa = XCBuildConfiguration;
			buildSettings = {
				ASSETCATALOG_COMPILER_APPICON_NAME = AppIcon;
				CODE_SIGN_STYLE = Automatic;
				DEVELOPMENT_TEAM = 7796XQQ842;
				INFOPLIST_FILE = BaiduIn100Companies/Info.plist;
				IPHONEOS_DEPLOYMENT_TARGET = 10.1;
				LD_RUNPATH_SEARCH_PATHS = (
					"$(inherited)",
					"@executable_path/Frameworks",
				);
				PRODUCT_BUNDLE_IDENTIFIER = com.futu.iOS.BaiduIn100Companies;
				PRODUCT_NAME = "$(TARGET_NAME)";
				TARGETED_DEVICE_FAMILY = "1,2";
			};
			name = Release;
		};
/* End XCBuildConfiguration section */

/* Begin XCConfigurationList section */
		044D8ED020FD8D7B005FDE2F /* Build configuration list for PBXProject "BaiduIn100Companies" */ = {
			isa = XCConfigurationList;
			buildConfigurations = (
				044D8EE920FD8D7D005FDE2F /* Debug */,
				044D8EEA20FD8D7D005FDE2F /* Release */,
			);
			defaultConfigurationIsVisible = 0;
			defaultConfigurationName = Release;
		};
		044D8EEB20FD8D7D005FDE2F /* Build configuration list for PBXNativeTarget "BaiduIn100Companies" */ = {
			isa = XCConfigurationList;
			buildConfigurations = (
				044D8EEC20FD8D7D005FDE2F /* Debug */,
				044D8EED20FD8D7D005FDE2F /* Release */,
			);
			defaultConfigurationIsVisible = 0;
			defaultConfigurationName = Release;
		};
/* End XCConfigurationList section */
	};
	rootObject = 044D8ECD20FD8D7B005FDE2F /* Project object */;
}
